
Microsoft Visual Studio Solution File, Format Version 12.00
# Visual Studio Version 17
VisualStudioVersion = 17.5.33516.290
MinimumVisualStudioVersion = 10.0.40219.1
Project("{FAE04EC0-301F-11D3-BF4B-00C04F79EFBC}") = "ContactsConsoleApp-PresentaionLayer", "ContactsConsoleApp\ContactsConsoleApp.csproj", "{07CECA6C-9F9E-42D9-992C-A6BC7A0C61E8}"
EndProject
Project("{FAE04EC0-301F-11D3-BF4B-00C04F79EFBC}") = "ContactsBusinessLayer", "ContactsBusinessLayer\ContactsBusinessLayer.csproj", "{06CE4414-EAAB-49B3-A615-5D505C26A421}"
EndProject
Project("{FAE04EC0-301F-11D3-BF4B-00C04F79EFBC}") = "ContactsDataAccessLayer", "ContactsDataAccessLayer\ContactsDataAccessLayer.csproj", "{EB1C7557-BCC2-4190-8B3F-55542D8E348F}"
EndProject
Global
	GlobalSection(SolutionConfigurationPlatforms) = preSolution
		Debug|Any CPU = Debug|Any CPU
		Release|Any CPU = Release|Any CPU
	EndGlobalSection
	GlobalSection(ProjectConfigurationPlatforms) = postSolution
		{07CECA6C-9F9E-42D9-992C-A6BC7A0C61E8}.Debug|Any CPU.ActiveCfg = Debug|Any CPU
		{07CECA6C-9F9E-42D9-992C-A6BC7A0C61E8}.Debug|Any CPU.Build.0 = Debug|Any CPU
		{07CECA6C-9F9E-42D9-992C-A6BC7A0C61E8}.Release|Any CPU.ActiveCfg = Release|Any CPU
		{07CECA6C-9F9E-42D9-992C-A6BC7A0C61E8}.Release|Any CPU.Build.0 = Release|Any CPU
		{06CE4414-EAAB-49B3-A615-5D505C26A421}.Debug|Any CPU.ActiveCfg = Debug|Any CPU
		{06CE4414-EAAB-49B3-A615-5D505C26A421}.Debug|Any CPU.Build.0 = Debug|Any CPU
		{06CE4414-EAAB-49B3-A615-5D505C26A421}.Release|Any CPU.ActiveCfg = Release|Any CPU
		{06CE4414-EAAB-49B3-A615-5D505C26A421}.Release|Any CPU.Build.0 = Release|Any CPU
		{EB1C7557-BCC2-4190-8B3F-55542D8E348F}.Debug|Any CPU.ActiveCfg = Debug|Any CPU
		{EB1C7557-BCC2-4190-8B3F-55542D8E348F}.Debug|Any CPU.Build.0 = Debug|Any CPU
		{EB1C7557-BCC2-4190-8B3F-55542D8E348F}.Release|Any CPU.ActiveCfg = Release|Any CPU
		{EB1C7557-BCC2-4190-8B3F-55542D8E348F}.Release|Any CPU.Build.0 = Release|Any CPU
	EndGlobalSection
	GlobalSection(SolutionProperties) = preSolution
		HideSolutionNode = FALSE
	EndGlobalSection
	GlobalSection(ExtensibilityGlobals) = postSolution
		SolutionGuid = {1A5885CD-BEB2-418E-AB97-AC032487C6BB}
	EndGlobalSection
EndGlobal
